// !$*UTF8*$!
{
	archiveVersion = 1;
	classes = {
	};
	objectVersion = 56;
	objects = {

/* Begin PBXBuildFile section */
		4542EC0B2AEAC18300B66D20 /* FirebaseAnalytics in Frameworks */ = {isa = PBXBuildFile; productRef = 4542EC0A2AEAC18300B66D20 /* FirebaseAnalytics */; };
		4542EC0D2AEAC18300B66D20 /* FirebaseAnalyticsOnDeviceConversion in Frameworks */ = {isa = PBXBuildFile; productRef = 4542EC0C2AEAC18300B66D20 /* FirebaseAnalyticsOnDeviceConversion */; };
		4542EC0F2AEAC18300B66D20 /* FirebaseAnalyticsSwift in Frameworks */ = {isa = PBXBuildFile; productRef = 4542EC0E2AEAC18300B66D20 /* FirebaseAnalyticsSwift */; };
		4542EC112AEAC18300B66D20 /* FirebaseAnalyticsWithoutAdIdSupport in Frameworks */ = {isa = PBXBuildFile; productRef = 4542EC102AEAC18300B66D20 /* FirebaseAnalyticsWithoutAdIdSupport */; };
		4542EC132AEAC18300B66D20 /* FirebaseAppCheck in Frameworks */ = {isa = PBXBuildFile; productRef = 4542EC122AEAC18300B66D20 /* FirebaseAppCheck */; };
		4542EC152AEAC18300B66D20 /* FirebaseAppDistribution-Beta in Frameworks */ = {isa = PBXBuildFile; productRef = 4542EC142AEAC18300B66D20 /* FirebaseAppDistribution-Beta */; };
		4542EC172AEAC18300B66D20 /* FirebaseAuth in Frameworks */ = {isa = PBXBuildFile; productRef = 4542EC162AEAC18300B66D20 /* FirebaseAuth */; };
		4542EC192AEAC18300B66D20 /* FirebaseAuthCombine-Community in Frameworks */ = {isa = PBXBuildFile; productRef = 4542EC182AEAC18300B66D20 /* FirebaseAuthCombine-Community */; };
		4542EC1B2AEAC18300B66D20 /* FirebaseCrashlytics in Frameworks */ = {isa = PBXBuildFile; productRef = 4542EC1A2AEAC18300B66D20 /* FirebaseCrashlytics */; };
		4542EC1D2AEAC18300B66D20 /* FirebaseDatabase in Frameworks */ = {isa = PBXBuildFile; productRef = 4542EC1C2AEAC18300B66D20 /* FirebaseDatabase */; };
		4542EC1F2AEAC18300B66D20 /* FirebaseDatabaseSwift in Frameworks */ = {isa = PBXBuildFile; productRef = 4542EC1E2AEAC18300B66D20 /* FirebaseDatabaseSwift */; };
		4542EC212AEAC18300B66D20 /* FirebaseDynamicLinks in Frameworks */ = {isa = PBXBuildFile; productRef = 4542EC202AEAC18300B66D20 /* FirebaseDynamicLinks */; };
		4542EC232AEAC18300B66D20 /* FirebaseFirestore in Frameworks */ = {isa = PBXBuildFile; productRef = 4542EC222AEAC18300B66D20 /* FirebaseFirestore */; };
		4542EC252AEAC18300B66D20 /* FirebaseFirestoreCombine-Community in Frameworks */ = {isa = PBXBuildFile; productRef = 4542EC242AEAC18300B66D20 /* FirebaseFirestoreCombine-Community */; };
		4542EC272AEAC18300B66D20 /* FirebaseFirestoreSwift in Frameworks */ = {isa = PBXBuildFile; productRef = 4542EC262AEAC18300B66D20 /* FirebaseFirestoreSwift */; };
		4542EC292AEAC18300B66D20 /* FirebaseFunctions in Frameworks */ = {isa = PBXBuildFile; productRef = 4542EC282AEAC18300B66D20 /* FirebaseFunctions */; };
		4542EC2B2AEAC18300B66D20 /* FirebaseFunctionsCombine-Community in Frameworks */ = {isa = PBXBuildFile; productRef = 4542EC2A2AEAC18300B66D20 /* FirebaseFunctionsCombine-Community */; };
		4542EC2D2AEAC18300B66D20 /* FirebaseInAppMessaging-Beta in Frameworks */ = {isa = PBXBuildFile; productRef = 4542EC2C2AEAC18300B66D20 /* FirebaseInAppMessaging-Beta */; };
		4542EC2F2AEAC18300B66D20 /* FirebaseInAppMessagingSwift-Beta in Frameworks */ = {isa = PBXBuildFile; productRef = 4542EC2E2AEAC18300B66D20 /* FirebaseInAppMessagingSwift-Beta */; };
		4542EC312AEAC18300B66D20 /* FirebaseInstallations in Frameworks */ = {isa = PBXBuildFile; productRef = 4542EC302AEAC18300B66D20 /* FirebaseInstallations */; };
		4542EC332AEAC18300B66D20 /* FirebaseMLModelDownloader in Frameworks */ = {isa = PBXBuildFile; productRef = 4542EC322AEAC18300B66D20 /* FirebaseMLModelDownloader */; };
		4542EC352AEAC18300B66D20 /* FirebaseMessaging in Frameworks */ = {isa = PBXBuildFile; productRef = 4542EC342AEAC18300B66D20 /* FirebaseMessaging */; };
		4542EC372AEAC18300B66D20 /* FirebasePerformance in Frameworks */ = {isa = PBXBuildFile; productRef = 4542EC362AEAC18300B66D20 /* FirebasePerformance */; };
		4542EC392AEAC18300B66D20 /* FirebaseRemoteConfig in Frameworks */ = {isa = PBXBuildFile; productRef = 4542EC382AEAC18300B66D20 /* FirebaseRemoteConfig */; };
		4542EC3B2AEAC18300B66D20 /* FirebaseRemoteConfigSwift in Frameworks */ = {isa = PBXBuildFile; productRef = 4542EC3A2AEAC18300B66D20 /* FirebaseRemoteConfigSwift */; };
		4542EC3D2AEAC18300B66D20 /* FirebaseStorage in Frameworks */ = {isa = PBXBuildFile; productRef = 4542EC3C2AEAC18300B66D20 /* FirebaseStorage */; };
		4542EC3F2AEAC18300B66D20 /* FirebaseStorageCombine-Community in Frameworks */ = {isa = PBXBuildFile; productRef = 4542EC3E2AEAC18300B66D20 /* FirebaseStorageCombine-Community */; };
		4569E7B02AEAAC6400A1D43F /* AppDelegate.swift in Sources */ = {isa = PBXBuildFile; fileRef = 4569E7AF2AEAAC6400A1D43F /* AppDelegate.swift */; };
		4569E7B22AEAAC6400A1D43F /* SceneDelegate.swift in Sources */ = {isa = PBXBuildFile; fileRef = 4569E7B12AEAAC6400A1D43F /* SceneDelegate.swift */; };
		4569E7B42AEAAC6400A1D43F /* BfyHomeViewController.swift in Sources */ = {isa = PBXBuildFile; fileRef = 4569E7B32AEAAC6400A1D43F /* BfyHomeViewController.swift */; };
		4569E7B92AEAAC6500A1D43F /* Assets.xcassets in Resources */ = {isa = PBXBuildFile; fileRef = 4569E7B82AEAAC6500A1D43F /* Assets.xcassets */; };
		4569E7BC2AEAAC6500A1D43F /* LaunchScreen.storyboard in Resources */ = {isa = PBXBuildFile; fileRef = 4569E7BA2AEAAC6500A1D43F /* LaunchScreen.storyboard */; };
		4569E7CA2AEAB1E500A1D43F /* BfyProfileViewController.swift in Sources */ = {isa = PBXBuildFile; fileRef = 4569E7C92AEAB1E500A1D43F /* BfyProfileViewController.swift */; };
		4569E7CC2AEAB22500A1D43F /* BfyTabBarViewController.swift in Sources */ = {isa = PBXBuildFile; fileRef = 4569E7CB2AEAB22500A1D43F /* BfyTabBarViewController.swift */; };
		4569E7D22AEAB29100A1D43F /* BfySignInViewController.swift in Sources */ = {isa = PBXBuildFile; fileRef = 4569E7D12AEAB29100A1D43F /* BfySignInViewController.swift */; };
		4569E7D42AEAB29F00A1D43F /* BfySignOutViewController.swift in Sources */ = {isa = PBXBuildFile; fileRef = 4569E7D32AEAB29F00A1D43F /* BfySignOutViewController.swift */; };
		4569E7D62AEAB2C300A1D43F /* BfyViewPostViewController.swift in Sources */ = {isa = PBXBuildFile; fileRef = 4569E7D52AEAB2C300A1D43F /* BfyViewPostViewController.swift */; };
		4569E7D82AEAB2D800A1D43F /* BfyCreateNewPostViewController.swift in Sources */ = {isa = PBXBuildFile; fileRef = 4569E7D72AEAB2D800A1D43F /* BfyCreateNewPostViewController.swift */; };
		4569E7DB2AEAB30500A1D43F /* BfyIAPManager.swift in Sources */ = {isa = PBXBuildFile; fileRef = 4569E7DA2AEAB30500A1D43F /* BfyIAPManager.swift */; };
		4569E7DD2AEAB31B00A1D43F /* BfyDatabaseManager.swift in Sources */ = {isa = PBXBuildFile; fileRef = 4569E7DC2AEAB31B00A1D43F /* BfyDatabaseManager.swift */; };
		4569E7DF2AEAB32400A1D43F /* BfyAuthManager.swift in Sources */ = {isa = PBXBuildFile; fileRef = 4569E7DE2AEAB32400A1D43F /* BfyAuthManager.swift */; };
		4569E7E12AEAB33000A1D43F /* BfyStorageManager.swift in Sources */ = {isa = PBXBuildFile; fileRef = 4569E7E02AEAB33000A1D43F /* BfyStorageManager.swift */; };
/* End PBXBuildFile section */

/* Begin PBXFileReference section */
		4542EC082AEABD9800B66D20 /* Blogify.app */ = {isa = PBXFileReference; explicitFileType = wrapper.application; includeInIndex = 0; name = Blogify.app; path = "/Users/tarik.macos/Desktop/Projects/2. Blogify/Blogify/build/Debug-iphoneos/Blogify.app"; sourceTree = "<absolute>"; };
		4569E7AF2AEAAC6400A1D43F /* AppDelegate.swift */ = {isa = PBXFileReference; lastKnownFileType = sourcecode.swift; path = AppDelegate.swift; sourceTree = "<group>"; };
		4569E7B12AEAAC6400A1D43F /* SceneDelegate.swift */ = {isa = PBXFileReference; lastKnownFileType = sourcecode.swift; path = SceneDelegate.swift; sourceTree = "<group>"; };
		4569E7B32AEAAC6400A1D43F /* BfyHomeViewController.swift */ = {isa = PBXFileReference; lastKnownFileType = sourcecode.swift; path = BfyHomeViewController.swift; sourceTree = "<group>"; };
		4569E7B82AEAAC6500A1D43F /* Assets.xcassets */ = {isa = PBXFileReference; lastKnownFileType = folder.assetcatalog; path = Assets.xcassets; sourceTree = "<group>"; };
		4569E7BB2AEAAC6500A1D43F /* Base */ = {isa = PBXFileReference; lastKnownFileType = file.storyboard; name = Base; path = Base.lproj/LaunchScreen.storyboard; sourceTree = "<group>"; };
		4569E7BD2AEAAC6500A1D43F /* Info.plist */ = {isa = PBXFileReference; lastKnownFileType = text.plist.xml; path = Info.plist; sourceTree = "<group>"; };
		4569E7C92AEAB1E500A1D43F /* BfyProfileViewController.swift */ = {isa = PBXFileReference; lastKnownFileType = sourcecode.swift; path = BfyProfileViewController.swift; sourceTree = "<group>"; };
		4569E7CB2AEAB22500A1D43F /* BfyTabBarViewController.swift */ = {isa = PBXFileReference; lastKnownFileType = sourcecode.swift; path = BfyTabBarViewController.swift; sourceTree = "<group>"; };
		4569E7D12AEAB29100A1D43F /* BfySignInViewController.swift */ = {isa = PBXFileReference; lastKnownFileType = sourcecode.swift; path = BfySignInViewController.swift; sourceTree = "<group>"; };
		4569E7D32AEAB29F00A1D43F /* BfySignOutViewController.swift */ = {isa = PBXFileReference; lastKnownFileType = sourcecode.swift; path = BfySignOutViewController.swift; sourceTree = "<group>"; };
		4569E7D52AEAB2C300A1D43F /* BfyViewPostViewController.swift */ = {isa = PBXFileReference; lastKnownFileType = sourcecode.swift; path = BfyViewPostViewController.swift; sourceTree = "<group>"; };
		4569E7D72AEAB2D800A1D43F /* BfyCreateNewPostViewController.swift */ = {isa = PBXFileReference; lastKnownFileType = sourcecode.swift; path = BfyCreateNewPostViewController.swift; sourceTree = "<group>"; };
		4569E7DA2AEAB30500A1D43F /* BfyIAPManager.swift */ = {isa = PBXFileReference; lastKnownFileType = sourcecode.swift; path = BfyIAPManager.swift; sourceTree = "<group>"; };
		4569E7DC2AEAB31B00A1D43F /* BfyDatabaseManager.swift */ = {isa = PBXFileReference; lastKnownFileType = sourcecode.swift; path = BfyDatabaseManager.swift; sourceTree = "<group>"; };
		4569E7DE2AEAB32400A1D43F /* BfyAuthManager.swift */ = {isa = PBXFileReference; lastKnownFileType = sourcecode.swift; path = BfyAuthManager.swift; sourceTree = "<group>"; };
		4569E7E02AEAB33000A1D43F /* BfyStorageManager.swift */ = {isa = PBXFileReference; lastKnownFileType = sourcecode.swift; path = BfyStorageManager.swift; sourceTree = "<group>"; };
/* End PBXFileReference section */

/* Begin PBXFrameworksBuildPhase section */
		4569E7A92AEAAC6400A1D43F /* Frameworks */ = {
			isa = PBXFrameworksBuildPhase;
			buildActionMask = 2147483647;
			files = (
				4542EC1D2AEAC18300B66D20 /* FirebaseDatabase in Frameworks */,
				4542EC2B2AEAC18300B66D20 /* FirebaseFunctionsCombine-Community in Frameworks */,
				4542EC232AEAC18300B66D20 /* FirebaseFirestore in Frameworks */,
				4542EC0F2AEAC18300B66D20 /* FirebaseAnalyticsSwift in Frameworks */,
				4542EC0B2AEAC18300B66D20 /* FirebaseAnalytics in Frameworks */,
				4542EC0D2AEAC18300B66D20 /* FirebaseAnalyticsOnDeviceConversion in Frameworks */,
				4542EC332AEAC18300B66D20 /* FirebaseMLModelDownloader in Frameworks */,
				4542EC272AEAC18300B66D20 /* FirebaseFirestoreSwift in Frameworks */,
				4542EC132AEAC18300B66D20 /* FirebaseAppCheck in Frameworks */,
				4542EC112AEAC18300B66D20 /* FirebaseAnalyticsWithoutAdIdSupport in Frameworks */,
				4542EC172AEAC18300B66D20 /* FirebaseAuth in Frameworks */,
				4542EC1B2AEAC18300B66D20 /* FirebaseCrashlytics in Frameworks */,
				4542EC3B2AEAC18300B66D20 /* FirebaseRemoteConfigSwift in Frameworks */,
				4542EC2D2AEAC18300B66D20 /* FirebaseInAppMessaging-Beta in Frameworks */,
				4542EC1F2AEAC18300B66D20 /* FirebaseDatabaseSwift in Frameworks */,
				4542EC292AEAC18300B66D20 /* FirebaseFunctions in Frameworks */,
				4542EC3F2AEAC18300B66D20 /* FirebaseStorageCombine-Community in Frameworks */,
				4542EC392AEAC18300B66D20 /* FirebaseRemoteConfig in Frameworks */,
				4542EC152AEAC18300B66D20 /* FirebaseAppDistribution-Beta in Frameworks */,
				4542EC192AEAC18300B66D20 /* FirebaseAuthCombine-Community in Frameworks */,
				4542EC372AEAC18300B66D20 /* FirebasePerformance in Frameworks */,
				4542EC2F2AEAC18300B66D20 /* FirebaseInAppMessagingSwift-Beta in Frameworks */,
				4542EC3D2AEAC18300B66D20 /* FirebaseStorage in Frameworks */,
				4542EC212AEAC18300B66D20 /* FirebaseDynamicLinks in Frameworks */,
				4542EC252AEAC18300B66D20 /* FirebaseFirestoreCombine-Community in Frameworks */,
				4542EC352AEAC18300B66D20 /* FirebaseMessaging in Frameworks */,
				4542EC312AEAC18300B66D20 /* FirebaseInstallations in Frameworks */,
			);
			runOnlyForDeploymentPostprocessing = 0;
		};
/* End PBXFrameworksBuildPhase section */

/* Begin PBXGroup section */
		4569E7A32AEAAC6400A1D43F = {
			isa = PBXGroup;
			children = (
				4569E7AE2AEAAC6400A1D43F /* Blogify */,
			);
			sourceTree = "<group>";
		};
		4569E7AE2AEAAC6400A1D43F /* Blogify */ = {
			isa = PBXGroup;
			children = (
				4569E7C72AEAB14300A1D43F /* Managers */,
				4569E7C62AEAB13B00A1D43F /* Resources */,
				4569E7C52AEAB13600A1D43F /* Controllers */,
				4569E7C42AEAB13100A1D43F /* Views */,
				4569E7C32AEAB12A00A1D43F /* Models */,
				4569E7BD2AEAAC6500A1D43F /* Info.plist */,
			);
			path = Blogify;
			sourceTree = "<group>";
		};
		4569E7C32AEAB12A00A1D43F /* Models */ = {
			isa = PBXGroup;
			children = (
			);
			path = Models;
			sourceTree = "<group>";
		};
		4569E7C42AEAB13100A1D43F /* Views */ = {
			isa = PBXGroup;
			children = (
				4569E7BA2AEAAC6500A1D43F /* LaunchScreen.storyboard */,
			);
			path = Views;
			sourceTree = "<group>";
		};
		4569E7C52AEAB13600A1D43F /* Controllers */ = {
			isa = PBXGroup;
			children = (
				4569E7E22AEAB55D00A1D43F /* Core Tabs */,
				4569E7E32AEAB57600A1D43F /* Auth */,
				4569E7E42AEAB58100A1D43F /* Posts */,
			);
			path = Controllers;
			sourceTree = "<group>";
		};
		4569E7C62AEAB13B00A1D43F /* Resources */ = {
			isa = PBXGroup;
			children = (
				4569E7AF2AEAAC6400A1D43F /* AppDelegate.swift */,
				4569E7B12AEAAC6400A1D43F /* SceneDelegate.swift */,
				4569E7B82AEAAC6500A1D43F /* Assets.xcassets */,
			);
			path = Resources;
			sourceTree = "<group>";
		};
		4569E7C72AEAB14300A1D43F /* Managers */ = {
			isa = PBXGroup;
			children = (
				4569E7DA2AEAB30500A1D43F /* BfyIAPManager.swift */,
				4569E7DC2AEAB31B00A1D43F /* BfyDatabaseManager.swift */,
				4569E7DE2AEAB32400A1D43F /* BfyAuthManager.swift */,
				4569E7E02AEAB33000A1D43F /* BfyStorageManager.swift */,
			);
			path = Managers;
			sourceTree = "<group>";
		};
		4569E7E22AEAB55D00A1D43F /* Core Tabs */ = {
			isa = PBXGroup;
			children = (
				4569E7B32AEAAC6400A1D43F /* BfyHomeViewController.swift */,
				4569E7C92AEAB1E500A1D43F /* BfyProfileViewController.swift */,
				4569E7CB2AEAB22500A1D43F /* BfyTabBarViewController.swift */,
			);
			path = "Core Tabs";
			sourceTree = "<group>";
		};
		4569E7E32AEAB57600A1D43F /* Auth */ = {
			isa = PBXGroup;
			children = (
				4569E7D12AEAB29100A1D43F /* BfySignInViewController.swift */,
				4569E7D32AEAB29F00A1D43F /* BfySignOutViewController.swift */,
			);
			path = Auth;
			sourceTree = "<group>";
		};
		4569E7E42AEAB58100A1D43F /* Posts */ = {
			isa = PBXGroup;
			children = (
				4569E7D52AEAB2C300A1D43F /* BfyViewPostViewController.swift */,
				4569E7D72AEAB2D800A1D43F /* BfyCreateNewPostViewController.swift */,
			);
			path = Posts;
			sourceTree = "<group>";
		};
/* End PBXGroup section */

/* Begin PBXNativeTarget section */
		4569E7AB2AEAAC6400A1D43F /* Blogify */ = {
			isa = PBXNativeTarget;
			buildConfigurationList = 4569E7C02AEAAC6500A1D43F /* Build configuration list for PBXNativeTarget "Blogify" */;
			buildPhases = (
				4569E7A82AEAAC6400A1D43F /* Sources */,
				4569E7A92AEAAC6400A1D43F /* Frameworks */,
				4569E7AA2AEAAC6400A1D43F /* Resources */,
			);
			buildRules = (
			);
			dependencies = (
			);
			name = Blogify;
			packageProductDependencies = (
				4542EC0A2AEAC18300B66D20 /* FirebaseAnalytics */,
				4542EC0C2AEAC18300B66D20 /* FirebaseAnalyticsOnDeviceConversion */,
				4542EC0E2AEAC18300B66D20 /* FirebaseAnalyticsSwift */,
				4542EC102AEAC18300B66D20 /* FirebaseAnalyticsWithoutAdIdSupport */,
				4542EC122AEAC18300B66D20 /* FirebaseAppCheck */,
				4542EC142AEAC18300B66D20 /* FirebaseAppDistribution-Beta */,
				4542EC162AEAC18300B66D20 /* FirebaseAuth */,
				4542EC182AEAC18300B66D20 /* FirebaseAuthCombine-Community */,
				4542EC1A2AEAC18300B66D20 /* FirebaseCrashlytics */,
				4542EC1C2AEAC18300B66D20 /* FirebaseDatabase */,
				4542EC1E2AEAC18300B66D20 /* FirebaseDatabaseSwift */,
				4542EC202AEAC18300B66D20 /* FirebaseDynamicLinks */,
				4542EC222AEAC18300B66D20 /* FirebaseFirestore */,
				4542EC242AEAC18300B66D20 /* FirebaseFirestoreCombine-Community */,
				4542EC262AEAC18300B66D20 /* FirebaseFirestoreSwift */,
				4542EC282AEAC18300B66D20 /* FirebaseFunctions */,
				4542EC2A2AEAC18300B66D20 /* FirebaseFunctionsCombine-Community */,
				4542EC2C2AEAC18300B66D20 /* FirebaseInAppMessaging-Beta */,
				4542EC2E2AEAC18300B66D20 /* FirebaseInAppMessagingSwift-Beta */,
				4542EC302AEAC18300B66D20 /* FirebaseInstallations */,
				4542EC322AEAC18300B66D20 /* FirebaseMLModelDownloader */,
				4542EC342AEAC18300B66D20 /* FirebaseMessaging */,
				4542EC362AEAC18300B66D20 /* FirebasePerformance */,
				4542EC382AEAC18300B66D20 /* FirebaseRemoteConfig */,
				4542EC3A2AEAC18300B66D20 /* FirebaseRemoteConfigSwift */,
				4542EC3C2AEAC18300B66D20 /* FirebaseStorage */,
				4542EC3E2AEAC18300B66D20 /* FirebaseStorageCombine-Community */,
			);
			productName = Blogify;
			productReference = 4542EC082AEABD9800B66D20 /* Blogify.app */;
			productType = "com.apple.product-type.application";
		};
/* End PBXNativeTarget section */

/* Begin PBXProject section */
		4569E7A42AEAAC6400A1D43F /* Project object */ = {
			isa = PBXProject;
			attributes = {
				BuildIndependentTargetsInParallel = 1;
				LastSwiftUpdateCheck = 1500;
				LastUpgradeCheck = 1500;
				TargetAttributes = {
					4569E7AB2AEAAC6400A1D43F = {
						CreatedOnToolsVersion = 15.0;
					};
				};
			};
			buildConfigurationList = 4569E7A72AEAAC6400A1D43F /* Build configuration list for PBXProject "Blogify" */;
			compatibilityVersion = "Xcode 14.0";
			developmentRegion = en;
			hasScannedForEncodings = 0;
			knownRegions = (
				en,
				Base,
			);
			mainGroup = 4569E7A32AEAAC6400A1D43F;
			packageReferences = (
				4542EC092AEAC18300B66D20 /* XCRemoteSwiftPackageReference "firebase-ios-sdk" */,
			);
			productRefGroup = 4569E7A32AEAAC6400A1D43F;
			projectDirPath = "";
			projectRoot = "";
			targets = (
				4569E7AB2AEAAC6400A1D43F /* Blogify */,
			);
		};
/* End PBXProject section */

/* Begin PBXResourcesBuildPhase section */
		4569E7AA2AEAAC6400A1D43F /* Resources */ = {
			isa = PBXResourcesBuildPhase;
			buildActionMask = 2147483647;
			files = (
				4569E7BC2AEAAC6500A1D43F /* LaunchScreen.storyboard in Resources */,
				4569E7B92AEAAC6500A1D43F /* Assets.xcassets in Resources */,
			);
			runOnlyForDeploymentPostprocessing = 0;
		};
/* End PBXResourcesBuildPhase section */

/* Begin PBXSourcesBuildPhase section */
		4569E7A82AEAAC6400A1D43F /* Sources */ = {
			isa = PBXSourcesBuildPhase;
			buildActionMask = 2147483647;
			files = (
				4569E7E12AEAB33000A1D43F /* BfyStorageManager.swift in Sources */,
				4569E7B42AEAAC6400A1D43F /* BfyHomeViewController.swift in Sources */,
				4569E7DF2AEAB32400A1D43F /* BfyAuthManager.swift in Sources */,
				4569E7D82AEAB2D800A1D43F /* BfyCreateNewPostViewController.swift in Sources */,
				4569E7B02AEAAC6400A1D43F /* AppDelegate.swift in Sources */,
				4569E7D22AEAB29100A1D43F /* BfySignInViewController.swift in Sources */,
				4569E7DB2AEAB30500A1D43F /* BfyIAPManager.swift in Sources */,
				4569E7DD2AEAB31B00A1D43F /* BfyDatabaseManager.swift in Sources */,
				4569E7D62AEAB2C300A1D43F /* BfyViewPostViewController.swift in Sources */,
				4569E7CC2AEAB22500A1D43F /* BfyTabBarViewController.swift in Sources */,
				4569E7CA2AEAB1E500A1D43F /* BfyProfileViewController.swift in Sources */,
				4569E7D42AEAB29F00A1D43F /* BfySignOutViewController.swift in Sources */,
				4569E7B22AEAAC6400A1D43F /* SceneDelegate.swift in Sources */,
			);
			runOnlyForDeploymentPostprocessing = 0;
		};
/* End PBXSourcesBuildPhase section */

/* Begin PBXVariantGroup section */
		4569E7BA2AEAAC6500A1D43F /* LaunchScreen.storyboard */ = {
			isa = PBXVariantGroup;
			children = (
				4569E7BB2AEAAC6500A1D43F /* Base */,
			);
			name = LaunchScreen.storyboard;
			sourceTree = "<group>";
		};
/* End PBXVariantGroup section */

/* Begin XCBuildConfiguration section */
		4569E7BE2AEAAC6500A1D43F /* Debug */ = {
			isa = XCBuildConfiguration;
			buildSettings = {
				ALWAYS_SEARCH_USER_PATHS = NO;
				ASSETCATALOG_COMPILER_GENERATE_SWIFT_ASSET_SYMBOL_EXTENSIONS = YES;
				CLANG_ANALYZER_NONNULL = YES;
				CLANG_ANALYZER_NUMBER_OBJECT_CONVERSION = YES_AGGRESSIVE;
				CLANG_CXX_LANGUAGE_STANDARD = "gnu++20";
				CLANG_ENABLE_MODULES = YES;
				CLANG_ENABLE_OBJC_ARC = YES;
				CLANG_ENABLE_OBJC_WEAK = YES;
				CLANG_WARN_BLOCK_CAPTURE_AUTORELEASING = YES;
				CLANG_WARN_BOOL_CONVERSION = YES;
				CLANG_WARN_COMMA = YES;
				CLANG_WARN_CONSTANT_CONVERSION = YES;
				CLANG_WARN_DEPRECATED_OBJC_IMPLEMENTATIONS = YES;
				CLANG_WARN_DIRECT_OBJC_ISA_USAGE = YES_ERROR;
				CLANG_WARN_DOCUMENTATION_COMMENTS = YES;
				CLANG_WARN_EMPTY_BODY = YES;
				CLANG_WARN_ENUM_CONVERSION = YES;
				CLANG_WARN_INFINITE_RECURSION = YES;
				CLANG_WARN_INT_CONVERSION = YES;
				CLANG_WARN_NON_LITERAL_NULL_CONVERSION = YES;
				CLANG_WARN_OBJC_IMPLICIT_RETAIN_SELF = YES;
				CLANG_WARN_OBJC_LITERAL_CONVERSION = YES;
				CLANG_WARN_OBJC_ROOT_CLASS = YES_ERROR;
				CLANG_WARN_QUOTED_INCLUDE_IN_FRAMEWORK_HEADER = YES;
				CLANG_WARN_RANGE_LOOP_ANALYSIS = YES;
				CLANG_WARN_STRICT_PROTOTYPES = YES;
				CLANG_WARN_SUSPICIOUS_MOVE = YES;
				CLANG_WARN_UNGUARDED_AVAILABILITY = YES_AGGRESSIVE;
				CLANG_WARN_UNREACHABLE_CODE = YES;
				CLANG_WARN__DUPLICATE_METHOD_MATCH = YES;
				COPY_PHASE_STRIP = NO;
				DEBUG_INFORMATION_FORMAT = dwarf;
				ENABLE_STRICT_OBJC_MSGSEND = YES;
				ENABLE_TESTABILITY = YES;
				ENABLE_USER_SCRIPT_SANDBOXING = YES;
				GCC_C_LANGUAGE_STANDARD = gnu17;
				GCC_DYNAMIC_NO_PIC = NO;
				GCC_NO_COMMON_BLOCKS = YES;
				GCC_OPTIMIZATION_LEVEL = 0;
				GCC_PREPROCESSOR_DEFINITIONS = (
					"DEBUG=1",
					"$(inherited)",
				);
				GCC_WARN_64_TO_32_BIT_CONVERSION = YES;
				GCC_WARN_ABOUT_RETURN_TYPE = YES_ERROR;
				GCC_WARN_UNDECLARED_SELECTOR = YES;
				GCC_WARN_UNINITIALIZED_AUTOS = YES_AGGRESSIVE;
				GCC_WARN_UNUSED_FUNCTION = YES;
				GCC_WARN_UNUSED_VARIABLE = YES;
				IPHONEOS_DEPLOYMENT_TARGET = 16.0;
				LOCALIZATION_PREFERS_STRING_CATALOGS = YES;
				MTL_ENABLE_DEBUG_INFO = INCLUDE_SOURCE;
				MTL_FAST_MATH = YES;
				ONLY_ACTIVE_ARCH = YES;
				SDKROOT = iphoneos;
				SWIFT_ACTIVE_COMPILATION_CONDITIONS = "DEBUG $(inherited)";
				SWIFT_OPTIMIZATION_LEVEL = "-Onone";
			};
			name = Debug;
		};
		4569E7BF2AEAAC6500A1D43F /* Release */ = {
			isa = XCBuildConfiguration;
			buildSettings = {
				ALWAYS_SEARCH_USER_PATHS = NO;
				ASSETCATALOG_COMPILER_GENERATE_SWIFT_ASSET_SYMBOL_EXTENSIONS = YES;
				CLANG_ANALYZER_NONNULL = YES;
				CLANG_ANALYZER_NUMBER_OBJECT_CONVERSION = YES_AGGRESSIVE;
				CLANG_CXX_LANGUAGE_STANDARD = "gnu++20";
				CLANG_ENABLE_MODULES = YES;
				CLANG_ENABLE_OBJC_ARC = YES;
				CLANG_ENABLE_OBJC_WEAK = YES;
				CLANG_WARN_BLOCK_CAPTURE_AUTORELEASING = YES;
				CLANG_WARN_BOOL_CONVERSION = YES;
				CLANG_WARN_COMMA = YES;
				CLANG_WARN_CONSTANT_CONVERSION = YES;
				CLANG_WARN_DEPRECATED_OBJC_IMPLEMENTATIONS = YES;
				CLANG_WARN_DIRECT_OBJC_ISA_USAGE = YES_ERROR;
				CLANG_WARN_DOCUMENTATION_COMMENTS = YES;
				CLANG_WARN_EMPTY_BODY = YES;
				CLANG_WARN_ENUM_CONVERSION = YES;
				CLANG_WARN_INFINITE_RECURSION = YES;
				CLANG_WARN_INT_CONVERSION = YES;
				CLANG_WARN_NON_LITERAL_NULL_CONVERSION = YES;
				CLANG_WARN_OBJC_IMPLICIT_RETAIN_SELF = YES;
				CLANG_WARN_OBJC_LITERAL_CONVERSION = YES;
				CLANG_WARN_OBJC_ROOT_CLASS = YES_ERROR;
				CLANG_WARN_QUOTED_INCLUDE_IN_FRAMEWORK_HEADER = YES;
				CLANG_WARN_RANGE_LOOP_ANALYSIS = YES;
				CLANG_WARN_STRICT_PROTOTYPES = YES;
				CLANG_WARN_SUSPICIOUS_MOVE = YES;
				CLANG_WARN_UNGUARDED_AVAILABILITY = YES_AGGRESSIVE;
				CLANG_WARN_UNREACHABLE_CODE = YES;
				CLANG_WARN__DUPLICATE_METHOD_MATCH = YES;
				COPY_PHASE_STRIP = NO;
				DEBUG_INFORMATION_FORMAT = "dwarf-with-dsym";
				ENABLE_NS_ASSERTIONS = NO;
				ENABLE_STRICT_OBJC_MSGSEND = YES;
				ENABLE_USER_SCRIPT_SANDBOXING = YES;
				GCC_C_LANGUAGE_STANDARD = gnu17;
				GCC_NO_COMMON_BLOCKS = YES;
				GCC_WARN_64_TO_32_BIT_CONVERSION = YES;
				GCC_WARN_ABOUT_RETURN_TYPE = YES_ERROR;
				GCC_WARN_UNDECLARED_SELECTOR = YES;
				GCC_WARN_UNINITIALIZED_AUTOS = YES_AGGRESSIVE;
				GCC_WARN_UNUSED_FUNCTION = YES;
				GCC_WARN_UNUSED_VARIABLE = YES;
				IPHONEOS_DEPLOYMENT_TARGET = 16.0;
				LOCALIZATION_PREFERS_STRING_CATALOGS = YES;
				MTL_ENABLE_DEBUG_INFO = NO;
				MTL_FAST_MATH = YES;
				SDKROOT = iphoneos;
				SWIFT_COMPILATION_MODE = wholemodule;
				VALIDATE_PRODUCT = YES;
			};
			name = Release;
		};
		4569E7C12AEAAC6500A1D43F /* Debug */ = {
			isa = XCBuildConfiguration;
			buildSettings = {
				ASSETCATALOG_COMPILER_APPICON_NAME = AppIcon;
				ASSETCATALOG_COMPILER_GLOBAL_ACCENT_COLOR_NAME = AccentColor;
				CODE_SIGN_STYLE = Automatic;
				CURRENT_PROJECT_VERSION = 1;
				DEVELOPMENT_TEAM = N2G2NDDG29;
				GENERATE_INFOPLIST_FILE = YES;
				INFOPLIST_FILE = Blogify/Info.plist;
				INFOPLIST_KEY_UIApplicationSupportsIndirectInputEvents = YES;
				INFOPLIST_KEY_UILaunchStoryboardName = LaunchScreen;
				INFOPLIST_KEY_UISupportedInterfaceOrientations = UIInterfaceOrientationPortrait;
				IPHONEOS_DEPLOYMENT_TARGET = 16.0;
				LD_RUNPATH_SEARCH_PATHS = (
					"$(inherited)",
					"@executable_path/Frameworks",
				);
				MARKETING_VERSION = 1.0;
				PRODUCT_BUNDLE_IDENTIFIER = com.ahmettarik.Blogify;
				PRODUCT_NAME = "$(TARGET_NAME)";
				SWIFT_EMIT_LOC_STRINGS = YES;
				SWIFT_VERSION = 5.0;
				TARGETED_DEVICE_FAMILY = "1,2";
			};
			name = Debug;
		};
		4569E7C22AEAAC6500A1D43F /* Release */ = {
			isa = XCBuildConfiguration;
			buildSettings = {
				ASSETCATALOG_COMPILER_APPICON_NAME = AppIcon;
				ASSETCATALOG_COMPILER_GLOBAL_ACCENT_COLOR_NAME = AccentColor;
				CODE_SIGN_STYLE = Automatic;
				CURRENT_PROJECT_VERSION = 1;
				DEVELOPMENT_TEAM = N2G2NDDG29;
				GENERATE_INFOPLIST_FILE = YES;
				INFOPLIST_FILE = Blogify/Info.plist;
				INFOPLIST_KEY_UIApplicationSupportsIndirectInputEvents = YES;
				INFOPLIST_KEY_UILaunchStoryboardName = LaunchScreen;
				INFOPLIST_KEY_UISupportedInterfaceOrientations = UIInterfaceOrientationPortrait;
				IPHONEOS_DEPLOYMENT_TARGET = 16.0;
				LD_RUNPATH_SEARCH_PATHS = (
					"$(inherited)",
					"@executable_path/Frameworks",
				);
				MARKETING_VERSION = 1.0;
				PRODUCT_BUNDLE_IDENTIFIER = com.ahmettarik.Blogify;
				PRODUCT_NAME = "$(TARGET_NAME)";
				SWIFT_EMIT_LOC_STRINGS = YES;
				SWIFT_VERSION = 5.0;
				TARGETED_DEVICE_FAMILY = "1,2";
			};
			name = Release;
		};
/* End XCBuildConfiguration section */

/* Begin XCConfigurationList section */
		4569E7A72AEAAC6400A1D43F /* Build configuration list for PBXProject "Blogify" */ = {
			isa = XCConfigurationList;
			buildConfigurations = (
				4569E7BE2AEAAC6500A1D43F /* Debug */,
				4569E7BF2AEAAC6500A1D43F /* Release */,
			);
			defaultConfigurationIsVisible = 0;
			defaultConfigurationName = Release;
		};
		4569E7C02AEAAC6500A1D43F /* Build configuration list for PBXNativeTarget "Blogify" */ = {
			isa = XCConfigurationList;
			buildConfigurations = (
				4569E7C12AEAAC6500A1D43F /* Debug */,
				4569E7C22AEAAC6500A1D43F /* Release */,
			);
			defaultConfigurationIsVisible = 0;
			defaultConfigurationName = Release;
		};
/* End XCConfigurationList section */

/* Begin XCRemoteSwiftPackageReference section */
		4542EC092AEAC18300B66D20 /* XCRemoteSwiftPackageReference "firebase-ios-sdk" */ = {
			isa = XCRemoteSwiftPackageReference;
			repositoryURL = "https://github.com/firebase/firebase-ios-sdk.git";
			requirement = {
				kind = upToNextMajorVersion;
				minimumVersion = 10.16.0;
			};
		};
/* End XCRemoteSwiftPackageReference section */

/* Begin XCSwiftPackageProductDependency section */
		4542EC0A2AEAC18300B66D20 /* FirebaseAnalytics */ = {
			isa = XCSwiftPackageProductDependency;
			package = 4542EC092AEAC18300B66D20 /* XCRemoteSwiftPackageReference "firebase-ios-sdk" */;
			productName = FirebaseAnalytics;
		};
		4542EC0C2AEAC18300B66D20 /* FirebaseAnalyticsOnDeviceConversion */ = {
			isa = XCSwiftPackageProductDependency;
			package = 4542EC092AEAC18300B66D20 /* XCRemoteSwiftPackageReference "firebase-ios-sdk" */;
			productName = FirebaseAnalyticsOnDeviceConversion;
		};
		4542EC0E2AEAC18300B66D20 /* FirebaseAnalyticsSwift */ = {
			isa = XCSwiftPackageProductDependency;
			package = 4542EC092AEAC18300B66D20 /* XCRemoteSwiftPackageReference "firebase-ios-sdk" */;
			productName = FirebaseAnalyticsSwift;
		};
		4542EC102AEAC18300B66D20 /* FirebaseAnalyticsWithoutAdIdSupport */ = {
			isa = XCSwiftPackageProductDependency;
			package = 4542EC092AEAC18300B66D20 /* XCRemoteSwiftPackageReference "firebase-ios-sdk" */;
			productName = FirebaseAnalyticsWithoutAdIdSupport;
		};
		4542EC122AEAC18300B66D20 /* FirebaseAppCheck */ = {
			isa = XCSwiftPackageProductDependency;
			package = 4542EC092AEAC18300B66D20 /* XCRemoteSwiftPackageReference "firebase-ios-sdk" */;
			productName = FirebaseAppCheck;
		};
		4542EC142AEAC18300B66D20 /* FirebaseAppDistribution-Beta */ = {
			isa = XCSwiftPackageProductDependency;
			package = 4542EC092AEAC18300B66D20 /* XCRemoteSwiftPackageReference "firebase-ios-sdk" */;
			productName = "FirebaseAppDistribution-Beta";
		};
		4542EC162AEAC18300B66D20 /* FirebaseAuth */ = {
			isa = XCSwiftPackageProductDependency;
			package = 4542EC092AEAC18300B66D20 /* XCRemoteSwiftPackageReference "firebase-ios-sdk" */;
			productName = FirebaseAuth;
		};
		4542EC182AEAC18300B66D20 /* FirebaseAuthCombine-Community */ = {
			isa = XCSwiftPackageProductDependency;
			package = 4542EC092AEAC18300B66D20 /* XCRemoteSwiftPackageReference "firebase-ios-sdk" */;
			productName = "FirebaseAuthCombine-Community";
		};
		4542EC1A2AEAC18300B66D20 /* FirebaseCrashlytics */ = {
			isa = XCSwiftPackageProductDependency;
			package = 4542EC092AEAC18300B66D20 /* XCRemoteSwiftPackageReference "firebase-ios-sdk" */;
			productName = FirebaseCrashlytics;
		};
		4542EC1C2AEAC18300B66D20 /* FirebaseDatabase */ = {
			isa = XCSwiftPackageProductDependency;
			package = 4542EC092AEAC18300B66D20 /* XCRemoteSwiftPackageReference "firebase-ios-sdk" */;
			productName = FirebaseDatabase;
		};
		4542EC1E2AEAC18300B66D20 /* FirebaseDatabaseSwift */ = {
			isa = XCSwiftPackageProductDependency;
			package = 4542EC092AEAC18300B66D20 /* XCRemoteSwiftPackageReference "firebase-ios-sdk" */;
			productName = FirebaseDatabaseSwift;
		};
		4542EC202AEAC18300B66D20 /* FirebaseDynamicLinks */ = {
			isa = XCSwiftPackageProductDependency;
			package = 4542EC092AEAC18300B66D20 /* XCRemoteSwiftPackageReference "firebase-ios-sdk" */;
			productName = FirebaseDynamicLinks;
		};
		4542EC222AEAC18300B66D20 /* FirebaseFirestore */ = {
			isa = XCSwiftPackageProductDependency;
			package = 4542EC092AEAC18300B66D20 /* XCRemoteSwiftPackageReference "firebase-ios-sdk" */;
			productName = FirebaseFirestore;
		};
		4542EC242AEAC18300B66D20 /* FirebaseFirestoreCombine-Community */ = {
			isa = XCSwiftPackageProductDependency;
			package = 4542EC092AEAC18300B66D20 /* XCRemoteSwiftPackageReference "firebase-ios-sdk" */;
			productName = "FirebaseFirestoreCombine-Community";
		};
		4542EC262AEAC18300B66D20 /* FirebaseFirestoreSwift */ = {
			isa = XCSwiftPackageProductDependency;
			package = 4542EC092AEAC18300B66D20 /* XCRemoteSwiftPackageReference "firebase-ios-sdk" */;
			productName = FirebaseFirestoreSwift;
		};
		4542EC282AEAC18300B66D20 /* FirebaseFunctions */ = {
			isa = XCSwiftPackageProductDependency;
			package = 4542EC092AEAC18300B66D20 /* XCRemoteSwiftPackageReference "firebase-ios-sdk" */;
			productName = FirebaseFunctions;
		};
		4542EC2A2AEAC18300B66D20 /* FirebaseFunctionsCombine-Community */ = {
			isa = XCSwiftPackageProductDependency;
			package = 4542EC092AEAC18300B66D20 /* XCRemoteSwiftPackageReference "firebase-ios-sdk" */;
			productName = "FirebaseFunctionsCombine-Community";
		};
		4542EC2C2AEAC18300B66D20 /* FirebaseInAppMessaging-Beta */ = {
			isa = XCSwiftPackageProductDependency;
			package = 4542EC092AEAC18300B66D20 /* XCRemoteSwiftPackageReference "firebase-ios-sdk" */;
			productName = "FirebaseInAppMessaging-Beta";
		};
		4542EC2E2AEAC18300B66D20 /* FirebaseInAppMessagingSwift-Beta */ = {
			isa = XCSwiftPackageProductDependency;
			package = 4542EC092AEAC18300B66D20 /* XCRemoteSwiftPackageReference "firebase-ios-sdk" */;
			productName = "FirebaseInAppMessagingSwift-Beta";
		};
		4542EC302AEAC18300B66D20 /* FirebaseInstallations */ = {
			isa = XCSwiftPackageProductDependency;
			package = 4542EC092AEAC18300B66D20 /* XCRemoteSwiftPackageReference "firebase-ios-sdk" */;
			productName = FirebaseInstallations;
		};
		4542EC322AEAC18300B66D20 /* FirebaseMLModelDownloader */ = {
			isa = XCSwiftPackageProductDependency;
			package = 4542EC092AEAC18300B66D20 /* XCRemoteSwiftPackageReference "firebase-ios-sdk" */;
			productName = FirebaseMLModelDownloader;
		};
		4542EC342AEAC18300B66D20 /* FirebaseMessaging */ = {
			isa = XCSwiftPackageProductDependency;
			package = 4542EC092AEAC18300B66D20 /* XCRemoteSwiftPackageReference "firebase-ios-sdk" */;
			productName = FirebaseMessaging;
		};
		4542EC362AEAC18300B66D20 /* FirebasePerformance */ = {
			isa = XCSwiftPackageProductDependency;
			package = 4542EC092AEAC18300B66D20 /* XCRemoteSwiftPackageReference "firebase-ios-sdk" */;
			productName = FirebasePerformance;
		};
		4542EC382AEAC18300B66D20 /* FirebaseRemoteConfig */ = {
			isa = XCSwiftPackageProductDependency;
			package = 4542EC092AEAC18300B66D20 /* XCRemoteSwiftPackageReference "firebase-ios-sdk" */;
			productName = FirebaseRemoteConfig;
		};
		4542EC3A2AEAC18300B66D20 /* FirebaseRemoteConfigSwift */ = {
			isa = XCSwiftPackageProductDependency;
			package = 4542EC092AEAC18300B66D20 /* XCRemoteSwiftPackageReference "firebase-ios-sdk" */;
			productName = FirebaseRemoteConfigSwift;
		};
		4542EC3C2AEAC18300B66D20 /* FirebaseStorage */ = {
			isa = XCSwiftPackageProductDependency;
			package = 4542EC092AEAC18300B66D20 /* XCRemoteSwiftPackageReference "firebase-ios-sdk" */;
			productName = FirebaseStorage;
		};
		4542EC3E2AEAC18300B66D20 /* FirebaseStorageCombine-Community */ = {
			isa = XCSwiftPackageProductDependency;
			package = 4542EC092AEAC18300B66D20 /* XCRemoteSwiftPackageReference "firebase-ios-sdk" */;
			productName = "FirebaseStorageCombine-Community";
		};
/* End XCSwiftPackageProductDependency section */
	};
	rootObject = 4569E7A42AEAAC6400A1D43F /* Project object */;
}
